format=1
libglibutil_version=1.0.80
libglibutil_pkgrel=1
libglibutil_commit=e2fe548f8cce21551fd59a461618ea586b5f98fb
libglibutil_sha256=ab4728157b68f84492512c7a451fe193924ae2aac3aa851de06eb3fd5acdc714

libgbinder_version=1.1.42
libgbinder_pkgrel=2
libgbinder_commit=d3bc7bb63bde2a52a974edf65b3d7717482d4780
libgbinder_sha256=32dcf31c5dc823af11558d180ed5fabb160fdfafe60f01d3212fd200a0842aed
libgbinder_patch=gcc-typed-destroy-notify.patch
libgbinder_patch_sha256=cdbba28fe130e681f65193f535e4031384c857bd78963b735970f632254407d5

python_gbinder_version=1.1.2
python_gbinder_pkgrel=3
python_gbinder_commit=a2c5093c734e59df9f592010020cf081dadce81f
python_gbinder_sha256=2dc424d5c2594146612e4bd752964f8928a62eec7c5ce6046f4c582079d0b537

waydroid_version=1.5.4
waydroid_pkgrel=1
waydroid_commit=661934e2faea119f8fa9f9d00a0a4970e4864123
waydroid_sha256=b97b91673b3cc7e7f001395c08e2d2d569305216a1dd9b3c9a65f03ebc296e18
